
Microsoft Visual Studio Solution File, Format Version 12.00
# Visual Studio 15
VisualStudioVersion = 15.0.27428.2027
MinimumVisualStudioVersion = 10.0.40219.1
Project("{8BC9CEB8-8B4A-11D0-8D11-00A0C91BC942}") = "474Project4", "474Project4\474Project4.vcxproj", "{91F70551-B4B6-465C-921D-2C6F2E0EA299}"
EndProject
Global
	GlobalSection(SolutionConfigurationPlatforms) = preSolution
		Debug|ARM = Debug|ARM
		Debug|x64 = Debug|x64
		Debug|x86 = Debug|x86
		Release|ARM = Release|ARM
		Release|x64 = Release|x64
		Release|x86 = Release|x86
	EndGlobalSection
	GlobalSection(ProjectConfigurationPlatforms) = postSolution
		{91F70551-B4B6-465C-921D-2C6F2E0EA299}.Debug|ARM.ActiveCfg = Debug|ARM
		{91F70551-B4B6-465C-921D-2C6F2E0EA299}.Debug|ARM.Build.0 = Debug|ARM
		{91F70551-B4B6-465C-921D-2C6F2E0EA299}.Debug|x64.ActiveCfg = Debug|x64
		{91F70551-B4B6-465C-921D-2C6F2E0EA299}.Debug|x64.Build.0 = Debug|x64
		{91F70551-B4B6-465C-921D-2C6F2E0EA299}.Debug|x86.ActiveCfg = Debug|x86
		{91F70551-B4B6-465C-921D-2C6F2E0EA299}.Debug|x86.Build.0 = Debug|x86
		{91F70551-B4B6-465C-921D-2C6F2E0EA299}.Release|ARM.ActiveCfg = Release|ARM
		{91F70551-B4B6-465C-921D-2C6F2E0EA299}.Release|ARM.Build.0 = Release|ARM
		{91F70551-B4B6-465C-921D-2C6F2E0EA299}.Release|x64.ActiveCfg = Release|x64
		{91F70551-B4B6-465C-921D-2C6F2E0EA299}.Release|x64.Build.0 = Release|x64
		{91F70551-B4B6-465C-921D-2C6F2E0EA299}.Release|x86.ActiveCfg = Release|x86
		{91F70551-B4B6-465C-921D-2C6F2E0EA299}.Release|x86.Build.0 = Release|x86
	EndGlobalSection
	GlobalSection(SolutionProperties) = preSolution
		HideSolutionNode = FALSE
	EndGlobalSection
	GlobalSection(ExtensibilityGlobals) = postSolution
		SolutionGuid = {E5F497E5-1253-4C1A-AB52-519A8CCDD017}
	EndGlobalSection
EndGlobal
